
Microsoft Visual Studio Solution File, Format Version 12.00
# Visual Studio Version 16
VisualStudioVersion = 16.0.29025.244
MinimumVisualStudioVersion = 10.0.40219.1
Project("{9A19103F-16F7-4668-BE54-9A1E7A4F7556}") = "EtradeApp.Core", "EtradeApp.Core\EtradeApp.Core.csproj", "{E6B2A8F2-C0B8-4F47-8AF9-1AC0CA2B0343}"
EndProject
Project("{9A19103F-16F7-4668-BE54-9A1E7A4F7556}") = "EtradeApp.Entities", "EtradeApp.Entity\EtradeApp.Entities.csproj", "{3308CF80-0231-4B25-9D35-82AA0D0A4B94}"
EndProject
Project("{9A19103F-16F7-4668-BE54-9A1E7A4F7556}") = "EtradeApp.DataAccess", "EtradeApp.DataAccess\EtradeApp.DataAccess.csproj", "{711B70B8-0DC2-4B62-A395-4F922E33EACD}"
EndProject
Project("{9A19103F-16F7-4668-BE54-9A1E7A4F7556}") = "EtradeApp.Business", "EtradeApp.Business\EtradeApp.Business.csproj", "{81CE77C3-292B-42C0-AA6A-B5BF26B4D544}"
EndProject
Project("{9A19103F-16F7-4668-BE54-9A1E7A4F7556}") = "EtradeApp.MvcWebUI", "EtradeApp.MvcWebUI\EtradeApp.MvcWebUI.csproj", "{C01CFC5B-D325-4430-99E2-A4DC460DAD6E}"
EndProject
Global
	GlobalSection(SolutionConfigurationPlatforms) = preSolution
		Debug|Any CPU = Debug|Any CPU
		Release|Any CPU = Release|Any CPU
	EndGlobalSection
	GlobalSection(ProjectConfigurationPlatforms) = postSolution
		{E6B2A8F2-C0B8-4F47-8AF9-1AC0CA2B0343}.Debug|Any CPU.ActiveCfg = Debug|Any CPU
		{E6B2A8F2-C0B8-4F47-8AF9-1AC0CA2B0343}.Debug|Any CPU.Build.0 = Debug|Any CPU
		{E6B2A8F2-C0B8-4F47-8AF9-1AC0CA2B0343}.Release|Any CPU.ActiveCfg = Release|Any CPU
		{E6B2A8F2-C0B8-4F47-8AF9-1AC0CA2B0343}.Release|Any CPU.Build.0 = Release|Any CPU
		{3308CF80-0231-4B25-9D35-82AA0D0A4B94}.Debug|Any CPU.ActiveCfg = Debug|Any CPU
		{3308CF80-0231-4B25-9D35-82AA0D0A4B94}.Debug|Any CPU.Build.0 = Debug|Any CPU
		{3308CF80-0231-4B25-9D35-82AA0D0A4B94}.Release|Any CPU.ActiveCfg = Release|Any CPU
		{3308CF80-0231-4B25-9D35-82AA0D0A4B94}.Release|Any CPU.Build.0 = Release|Any CPU
		{711B70B8-0DC2-4B62-A395-4F922E33EACD}.Debug|Any CPU.ActiveCfg = Debug|Any CPU
		{711B70B8-0DC2-4B62-A395-4F922E33EACD}.Debug|Any CPU.Build.0 = Debug|Any CPU
		{711B70B8-0DC2-4B62-A395-4F922E33EACD}.Release|Any CPU.ActiveCfg = Release|Any CPU
		{711B70B8-0DC2-4B62-A395-4F922E33EACD}.Release|Any CPU.Build.0 = Release|Any CPU
		{81CE77C3-292B-42C0-AA6A-B5BF26B4D544}.Debug|Any CPU.ActiveCfg = Debug|Any CPU
		{81CE77C3-292B-42C0-AA6A-B5BF26B4D544}.Debug|Any CPU.Build.0 = Debug|Any CPU
		{81CE77C3-292B-42C0-AA6A-B5BF26B4D544}.Release|Any CPU.ActiveCfg = Release|Any CPU
		{81CE77C3-292B-42C0-AA6A-B5BF26B4D544}.Release|Any CPU.Build.0 = Release|Any CPU
		{C01CFC5B-D325-4430-99E2-A4DC460DAD6E}.Debug|Any CPU.ActiveCfg = Debug|Any CPU
		{C01CFC5B-D325-4430-99E2-A4DC460DAD6E}.Debug|Any CPU.Build.0 = Debug|Any CPU
		{C01CFC5B-D325-4430-99E2-A4DC460DAD6E}.Release|Any CPU.ActiveCfg = Release|Any CPU
		{C01CFC5B-D325-4430-99E2-A4DC460DAD6E}.Release|Any CPU.Build.0 = Release|Any CPU
	EndGlobalSection
	GlobalSection(SolutionProperties) = preSolution
		HideSolutionNode = FALSE
	EndGlobalSection
	GlobalSection(ExtensibilityGlobals) = postSolution
		SolutionGuid = {D9CF5179-3D0A-458F-91ED-A7BB2528109E}
	EndGlobalSection
EndGlobal
